// !$*UTF8*$!
{
	archiveVersion = 1;
	classes = {
	};
	objectVersion = 51;
	objects = {

/* Begin PBXBuildFile section */
		7D0596C8247FDE87005219F7 /* CustomScrollView.swift in Sources */ = {isa = PBXBuildFile; fileRef = 7D0596C7247FDE87005219F7 /* CustomScrollView.swift */; };
		7D1356672451A9C6002DD79E /* TagDetallesViewController.swift in Sources */ = {isa = PBXBuildFile; fileRef = 7D1356662451A9C6002DD79E /* TagDetallesViewController.swift */; };
		7D428ED32448682C005C3E61 /* MainViewController.swift in Sources */ = {isa = PBXBuildFile; fileRef = 7D428ED22448682C005C3E61 /* MainViewController.swift */; };
		7D5A7E9F24446E4900AF552F /* ActividadViewController.swift in Sources */ = {isa = PBXBuildFile; fileRef = 7D5A7E9E24446E4900AF552F /* ActividadViewController.swift */; };
		7D660106243F27AD00488228 /* APIRequest.swift in Sources */ = {isa = PBXBuildFile; fileRef = 7D660105243F27AD00488228 /* APIRequest.swift */; };
		7D660109243F79C900488228 /* Curso.swift in Sources */ = {isa = PBXBuildFile; fileRef = 7D660108243F79C900488228 /* Curso.swift */; };
		7D66010B243F7A6100488228 /* TipoActividad.swift in Sources */ = {isa = PBXBuildFile; fileRef = 7D66010A243F7A6100488228 /* TipoActividad.swift */; };
		7D66010D243F7AD500488228 /* Tag.swift in Sources */ = {isa = PBXBuildFile; fileRef = 7D66010C243F7AD500488228 /* Tag.swift */; };
		7D66010F243F7B6B00488228 /* Matricula.swift in Sources */ = {isa = PBXBuildFile; fileRef = 7D66010E243F7B6B00488228 /* Matricula.swift */; };
		7D660111243F7BED00488228 /* Actividad.swift in Sources */ = {isa = PBXBuildFile; fileRef = 7D660110243F7BED00488228 /* Actividad.swift */; };
		7DB61DC0242D638A00F1D293 /* AppDelegate.swift in Sources */ = {isa = PBXBuildFile; fileRef = 7DB61DBF242D638A00F1D293 /* AppDelegate.swift */; };
		7DB61DC2242D638A00F1D293 /* SceneDelegate.swift in Sources */ = {isa = PBXBuildFile; fileRef = 7DB61DC1242D638A00F1D293 /* SceneDelegate.swift */; };
		7DB61DC7242D638A00F1D293 /* Main.storyboard in Resources */ = {isa = PBXBuildFile; fileRef = 7DB61DC5242D638A00F1D293 /* Main.storyboard */; };
		7DB61DCA242D638A00F1D293 /* EmpleoUA.xcdatamodeld in Sources */ = {isa = PBXBuildFile; fileRef = 7DB61DC8242D638A00F1D293 /* EmpleoUA.xcdatamodeld */; };
		7DB61DCC242D638D00F1D293 /* Assets.xcassets in Resources */ = {isa = PBXBuildFile; fileRef = 7DB61DCB242D638D00F1D293 /* Assets.xcassets */; };
		7DB61DCF242D638D00F1D293 /* LaunchScreen.storyboard in Resources */ = {isa = PBXBuildFile; fileRef = 7DB61DCD242D638D00F1D293 /* LaunchScreen.storyboard */; };
		7DBED403248562B100825FAA /* ActividadItem.swift in Sources */ = {isa = PBXBuildFile; fileRef = 7DBED402248562B100825FAA /* ActividadItem.swift */; };
		E653A10DC7BD1F7CE398FC9B /* Pods_EmpleoUA.framework in Frameworks */ = {isa = PBXBuildFile; fileRef = 081C6CE28B12D1530202A5CA /* Pods_EmpleoUA.framework */; };
/* End PBXBuildFile section */

/* Begin PBXFileReference section */
		081C6CE28B12D1530202A5CA /* Pods_EmpleoUA.framework */ = {isa = PBXFileReference; explicitFileType = wrapper.framework; includeInIndex = 0; path = Pods_EmpleoUA.framework; sourceTree = BUILT_PRODUCTS_DIR; };
		79CED33930F523271BB108E4 /* Pods-EmpleoUA.release.xcconfig */ = {isa = PBXFileReference; includeInIndex = 1; lastKnownFileType = text.xcconfig; name = "Pods-EmpleoUA.release.xcconfig"; path = "Target Support Files/Pods-EmpleoUA/Pods-EmpleoUA.release.xcconfig"; sourceTree = "<group>"; };
		7D0596C7247FDE87005219F7 /* CustomScrollView.swift */ = {isa = PBXFileReference; lastKnownFileType = sourcecode.swift; path = CustomScrollView.swift; sourceTree = "<group>"; };
		7D1356662451A9C6002DD79E /* TagDetallesViewController.swift */ = {isa = PBXFileReference; lastKnownFileType = sourcecode.swift; path = TagDetallesViewController.swift; sourceTree = "<group>"; };
		7D428ED22448682C005C3E61 /* MainViewController.swift */ = {isa = PBXFileReference; lastKnownFileType = sourcecode.swift; path = MainViewController.swift; sourceTree = "<group>"; };
		7D5A7E9E24446E4900AF552F /* ActividadViewController.swift */ = {isa = PBXFileReference; lastKnownFileType = sourcecode.swift; path = ActividadViewController.swift; sourceTree = "<group>"; };
		7D660105243F27AD00488228 /* APIRequest.swift */ = {isa = PBXFileReference; lastKnownFileType = sourcecode.swift; path = APIRequest.swift; sourceTree = "<group>"; };
		7D660108243F79C900488228 /* Curso.swift */ = {isa = PBXFileReference; lastKnownFileType = sourcecode.swift; path = Curso.swift; sourceTree = "<group>"; };
		7D66010A243F7A6100488228 /* TipoActividad.swift */ = {isa = PBXFileReference; lastKnownFileType = sourcecode.swift; path = TipoActividad.swift; sourceTree = "<group>"; };
		7D66010C243F7AD500488228 /* Tag.swift */ = {isa = PBXFileReference; lastKnownFileType = sourcecode.swift; path = Tag.swift; sourceTree = "<group>"; };
		7D66010E243F7B6B00488228 /* Matricula.swift */ = {isa = PBXFileReference; lastKnownFileType = sourcecode.swift; path = Matricula.swift; sourceTree = "<group>"; };
		7D660110243F7BED00488228 /* Actividad.swift */ = {isa = PBXFileReference; lastKnownFileType = sourcecode.swift; path = Actividad.swift; sourceTree = "<group>"; };
		7DB61DBC242D638A00F1D293 /* EmpleoUA.app */ = {isa = PBXFileReference; explicitFileType = wrapper.application; includeInIndex = 0; path = EmpleoUA.app; sourceTree = BUILT_PRODUCTS_DIR; };
		7DB61DBF242D638A00F1D293 /* AppDelegate.swift */ = {isa = PBXFileReference; lastKnownFileType = sourcecode.swift; path = AppDelegate.swift; sourceTree = "<group>"; };
		7DB61DC1242D638A00F1D293 /* SceneDelegate.swift */ = {isa = PBXFileReference; lastKnownFileType = sourcecode.swift; path = SceneDelegate.swift; sourceTree = "<group>"; };
		7DB61DC6242D638A00F1D293 /* Base */ = {isa = PBXFileReference; lastKnownFileType = file.storyboard; name = Base; path = Base.lproj/Main.storyboard; sourceTree = "<group>"; };
		7DB61DC9242D638A00F1D293 /* EmpleoUA.xcdatamodel */ = {isa = PBXFileReference; lastKnownFileType = wrapper.xcdatamodel; path = EmpleoUA.xcdatamodel; sourceTree = "<group>"; };
		7DB61DCB242D638D00F1D293 /* Assets.xcassets */ = {isa = PBXFileReference; lastKnownFileType = folder.assetcatalog; path = Assets.xcassets; sourceTree = "<group>"; };
		7DB61DCE242D638D00F1D293 /* Base */ = {isa = PBXFileReference; lastKnownFileType = file.storyboard; name = Base; path = Base.lproj/LaunchScreen.storyboard; sourceTree = "<group>"; };
		7DB61DD0242D638D00F1D293 /* Info.plist */ = {isa = PBXFileReference; lastKnownFileType = text.plist.xml; path = Info.plist; sourceTree = "<group>"; };
		7DBED402248562B100825FAA /* ActividadItem.swift */ = {isa = PBXFileReference; lastKnownFileType = sourcecode.swift; path = ActividadItem.swift; sourceTree = "<group>"; };
		FF50E9DAF2100B2711C78F40 /* Pods-EmpleoUA.debug.xcconfig */ = {isa = PBXFileReference; includeInIndex = 1; lastKnownFileType = text.xcconfig; name = "Pods-EmpleoUA.debug.xcconfig"; path = "Target Support Files/Pods-EmpleoUA/Pods-EmpleoUA.debug.xcconfig"; sourceTree = "<group>"; };
/* End PBXFileReference section */

/* Begin PBXFrameworksBuildPhase section */
		7DB61DB9242D638A00F1D293 /* Frameworks */ = {
			isa = PBXFrameworksBuildPhase;
			buildActionMask = 2147483647;
			files = (
				E653A10DC7BD1F7CE398FC9B /* Pods_EmpleoUA.framework in Frameworks */,
			);
			runOnlyForDeploymentPostprocessing = 0;
		};
/* End PBXFrameworksBuildPhase section */

/* Begin PBXGroup section */
		7D0596C9247FF1DE005219F7 /* CustomScrollView */ = {
			isa = PBXGroup;
			children = (
				7D0596C7247FDE87005219F7 /* CustomScrollView.swift */,
			);
			path = CustomScrollView;
			sourceTree = "<group>";
		};
		7D0596CA247FF1F4005219F7 /* Tags */ = {
			isa = PBXGroup;
			children = (
				7D1356662451A9C6002DD79E /* TagDetallesViewController.swift */,
				7DBED402248562B100825FAA /* ActividadItem.swift */,
			);
			path = Tags;
			sourceTree = "<group>";
		};
		7D0596CB247FF205005219F7 /* Activities */ = {
			isa = PBXGroup;
			children = (
				7D5A7E9E24446E4900AF552F /* ActividadViewController.swift */,
			);
			path = Activities;
			sourceTree = "<group>";
		};
		7D0596CC247FF21E005219F7 /* DAO */ = {
			isa = PBXGroup;
			children = (
				7D660105243F27AD00488228 /* APIRequest.swift */,
			);
			path = DAO;
			sourceTree = "<group>";
		};
		7D660107243F79A900488228 /* Entities */ = {
			isa = PBXGroup;
			children = (
				7D660108243F79C900488228 /* Curso.swift */,
				7D66010A243F7A6100488228 /* TipoActividad.swift */,
				7D66010C243F7AD500488228 /* Tag.swift */,
				7D66010E243F7B6B00488228 /* Matricula.swift */,
				7D660110243F7BED00488228 /* Actividad.swift */,
			);
			path = Entities;
			sourceTree = "<group>";
		};
		7DB61DB3242D638A00F1D293 = {
			isa = PBXGroup;
			children = (
				7DB61DBE242D638A00F1D293 /* EmpleoUA */,
				7DB61DBD242D638A00F1D293 /* Products */,
				AC7A9C7D7CD06A9462287AB7 /* Pods */,
				B65ED5060579A019C298052B /* Frameworks */,
			);
			sourceTree = "<group>";
		};
		7DB61DBD242D638A00F1D293 /* Products */ = {
			isa = PBXGroup;
			children = (
				7DB61DBC242D638A00F1D293 /* EmpleoUA.app */,
			);
			name = Products;
			sourceTree = "<group>";
		};
		7DB61DBE242D638A00F1D293 /* EmpleoUA */ = {
			isa = PBXGroup;
			children = (
				7D0596CC247FF21E005219F7 /* DAO */,
				7D0596CB247FF205005219F7 /* Activities */,
				7D0596CA247FF1F4005219F7 /* Tags */,
				7D0596C9247FF1DE005219F7 /* CustomScrollView */,
				7D660107243F79A900488228 /* Entities */,
				7DB61DBF242D638A00F1D293 /* AppDelegate.swift */,
				7DB61DC1242D638A00F1D293 /* SceneDelegate.swift */,
				7D428ED22448682C005C3E61 /* MainViewController.swift */,
				7DB61DC5242D638A00F1D293 /* Main.storyboard */,
				7DB61DCB242D638D00F1D293 /* Assets.xcassets */,
				7DB61DCD242D638D00F1D293 /* LaunchScreen.storyboard */,
				7DB61DD0242D638D00F1D293 /* Info.plist */,
				7DB61DC8242D638A00F1D293 /* EmpleoUA.xcdatamodeld */,
			);
			path = EmpleoUA;
			sourceTree = "<group>";
		};
		AC7A9C7D7CD06A9462287AB7 /* Pods */ = {
			isa = PBXGroup;
			children = (
				FF50E9DAF2100B2711C78F40 /* Pods-EmpleoUA.debug.xcconfig */,
				79CED33930F523271BB108E4 /* Pods-EmpleoUA.release.xcconfig */,
			);
			path = Pods;
			sourceTree = "<group>";
		};
		B65ED5060579A019C298052B /* Frameworks */ = {
			isa = PBXGroup;
			children = (
				081C6CE28B12D1530202A5CA /* Pods_EmpleoUA.framework */,
			);
			name = Frameworks;
			sourceTree = "<group>";
		};
/* End PBXGroup section */

/* Begin PBXNativeTarget section */
		7DB61DBB242D638A00F1D293 /* EmpleoUA */ = {
			isa = PBXNativeTarget;
			buildConfigurationList = 7DB61DD3242D638D00F1D293 /* Build configuration list for PBXNativeTarget "EmpleoUA" */;
			buildPhases = (
				AE0A76BCBFCB872B1E1D9866 /* [CP] Check Pods Manifest.lock */,
				7DB61DB8242D638A00F1D293 /* Sources */,
				7DB61DB9242D638A00F1D293 /* Frameworks */,
				7DB61DBA242D638A00F1D293 /* Resources */,
				1CFEFAA7918A5AD18CD75991 /* [CP] Embed Pods Frameworks */,
			);
			buildRules = (
			);
			dependencies = (
			);
			name = EmpleoUA;
			productName = EmpleoUA;
			productReference = 7DB61DBC242D638A00F1D293 /* EmpleoUA.app */;
			productType = "com.apple.product-type.application";
		};
/* End PBXNativeTarget section */

/* Begin PBXProject section */
		7DB61DB4242D638A00F1D293 /* Project object */ = {
			isa = PBXProject;
			attributes = {
				LastSwiftUpdateCheck = 1130;
				LastUpgradeCheck = 1130;
				ORGANIZATIONNAME = "Jonay Gilabert López";
				TargetAttributes = {
					7DB61DBB242D638A00F1D293 = {
						CreatedOnToolsVersion = 11.3.1;
					};
				};
			};
			buildConfigurationList = 7DB61DB7242D638A00F1D293 /* Build configuration list for PBXProject "EmpleoUA" */;
			compatibilityVersion = "Xcode 9.3";
			developmentRegion = en;
			hasScannedForEncodings = 0;
			knownRegions = (
				en,
				Base,
			);
			mainGroup = 7DB61DB3242D638A00F1D293;
			productRefGroup = 7DB61DBD242D638A00F1D293 /* Products */;
			projectDirPath = "";
			projectRoot = "";
			targets = (
				7DB61DBB242D638A00F1D293 /* EmpleoUA */,
			);
		};
/* End PBXProject section */

/* Begin PBXResourcesBuildPhase section */
		7DB61DBA242D638A00F1D293 /* Resources */ = {
			isa = PBXResourcesBuildPhase;
			buildActionMask = 2147483647;
			files = (
				7DB61DCF242D638D00F1D293 /* LaunchScreen.storyboard in Resources */,
				7DB61DCC242D638D00F1D293 /* Assets.xcassets in Resources */,
				7DB61DC7242D638A00F1D293 /* Main.storyboard in Resources */,
			);
			runOnlyForDeploymentPostprocessing = 0;
		};
/* End PBXResourcesBuildPhase section */

/* Begin PBXShellScriptBuildPhase section */
		1CFEFAA7918A5AD18CD75991 /* [CP] Embed Pods Frameworks */ = {
			isa = PBXShellScriptBuildPhase;
			buildActionMask = 2147483647;
			files = (
			);
			inputFileListPaths = (
				"${PODS_ROOT}/Target Support Files/Pods-EmpleoUA/Pods-EmpleoUA-frameworks-${CONFIGURATION}-input-files.xcfilelist",
			);
			name = "[CP] Embed Pods Frameworks";
			outputFileListPaths = (
				"${PODS_ROOT}/Target Support Files/Pods-EmpleoUA/Pods-EmpleoUA-frameworks-${CONFIGURATION}-output-files.xcfilelist",
			);
			runOnlyForDeploymentPostprocessing = 0;
			shellPath = /bin/sh;
			shellScript = "\"${PODS_ROOT}/Target Support Files/Pods-EmpleoUA/Pods-EmpleoUA-frameworks.sh\"\n";
			showEnvVarsInLog = 0;
		};
		AE0A76BCBFCB872B1E1D9866 /* [CP] Check Pods Manifest.lock */ = {
			isa = PBXShellScriptBuildPhase;
			buildActionMask = 2147483647;
			files = (
			);
			inputFileListPaths = (
			);
			inputPaths = (
				"${PODS_PODFILE_DIR_PATH}/Podfile.lock",
				"${PODS_ROOT}/Manifest.lock",
			);
			name = "[CP] Check Pods Manifest.lock";
			outputFileListPaths = (
			);
			outputPaths = (
				"$(DERIVED_FILE_DIR)/Pods-EmpleoUA-checkManifestLockResult.txt",
			);
			runOnlyForDeploymentPostprocessing = 0;
			shellPath = /bin/sh;
			shellScript = "diff \"${PODS_PODFILE_DIR_PATH}/Podfile.lock\" \"${PODS_ROOT}/Manifest.lock\" > /dev/null\nif [ $? != 0 ] ; then\n    # print error to STDERR\n    echo \"error: The sandbox is not in sync with the Podfile.lock. Run 'pod install' or update your CocoaPods installation.\" >&2\n    exit 1\nfi\n# This output is used by Xcode 'outputs' to avoid re-running this script phase.\necho \"SUCCESS\" > \"${SCRIPT_OUTPUT_FILE_0}\"\n";
			showEnvVarsInLog = 0;
		};
/* End PBXShellScriptBuildPhase section */

/* Begin PBXSourcesBuildPhase section */
		7DB61DB8242D638A00F1D293 /* Sources */ = {
			isa = PBXSourcesBuildPhase;
			buildActionMask = 2147483647;
			files = (
				7D66010F243F7B6B00488228 /* Matricula.swift in Sources */,
				7D66010D243F7AD500488228 /* Tag.swift in Sources */,
				7DBED403248562B100825FAA /* ActividadItem.swift in Sources */,
				7D428ED32448682C005C3E61 /* MainViewController.swift in Sources */,
				7DB61DCA242D638A00F1D293 /* EmpleoUA.xcdatamodeld in Sources */,
				7D0596C8247FDE87005219F7 /* CustomScrollView.swift in Sources */,
				7DB61DC0242D638A00F1D293 /* AppDelegate.swift in Sources */,
				7D660111243F7BED00488228 /* Actividad.swift in Sources */,
				7D660106243F27AD00488228 /* APIRequest.swift in Sources */,
				7D660109243F79C900488228 /* Curso.swift in Sources */,
				7DB61DC2242D638A00F1D293 /* SceneDelegate.swift in Sources */,
				7D5A7E9F24446E4900AF552F /* ActividadViewController.swift in Sources */,
				7D1356672451A9C6002DD79E /* TagDetallesViewController.swift in Sources */,
				7D66010B243F7A6100488228 /* TipoActividad.swift in Sources */,
			);
			runOnlyForDeploymentPostprocessing = 0;
		};
/* End PBXSourcesBuildPhase section */

/* Begin PBXVariantGroup section */
		7DB61DC5242D638A00F1D293 /* Main.storyboard */ = {
			isa = PBXVariantGroup;
			children = (
				7DB61DC6242D638A00F1D293 /* Base */,
			);
			name = Main.storyboard;
			sourceTree = "<group>";
		};
		7DB61DCD242D638D00F1D293 /* LaunchScreen.storyboard */ = {
			isa = PBXVariantGroup;
			children = (
				7DB61DCE242D638D00F1D293 /* Base */,
			);
			name = LaunchScreen.storyboard;
			sourceTree = "<group>";
		};
/* End PBXVariantGroup section */

/* Begin XCBuildConfiguration section */
		7DB61DD1242D638D00F1D293 /* Debug */ = {
			isa = XCBuildConfiguration;
			buildSettings = {
				ALWAYS_SEARCH_USER_PATHS = NO;
				CLANG_ANALYZER_NONNULL = YES;
				CLANG_ANALYZER_NUMBER_OBJECT_CONVERSION = YES_AGGRESSIVE;
				CLANG_CXX_LANGUAGE_STANDARD = "gnu++14";
				CLANG_CXX_LIBRARY = "libc++";
				CLANG_ENABLE_MODULES = YES;
				CLANG_ENABLE_OBJC_ARC = YES;
				CLANG_ENABLE_OBJC_WEAK = YES;
				CLANG_WARN_BLOCK_CAPTURE_AUTORELEASING = YES;
				CLANG_WARN_BOOL_CONVERSION = YES;
				CLANG_WARN_COMMA = YES;
				CLANG_WARN_CONSTANT_CONVERSION = YES;
				CLANG_WARN_DEPRECATED_OBJC_IMPLEMENTATIONS = YES;
				CLANG_WARN_DIRECT_OBJC_ISA_USAGE = YES_ERROR;
				CLANG_WARN_DOCUMENTATION_COMMENTS = YES;
				CLANG_WARN_EMPTY_BODY = YES;
				CLANG_WARN_ENUM_CONVERSION = YES;
				CLANG_WARN_INFINITE_RECURSION = YES;
				CLANG_WARN_INT_CONVERSION = YES;
				CLANG_WARN_NON_LITERAL_NULL_CONVERSION = YES;
				CLANG_WARN_OBJC_IMPLICIT_RETAIN_SELF = YES;
				CLANG_WARN_OBJC_LITERAL_CONVERSION = YES;
				CLANG_WARN_OBJC_ROOT_CLASS = YES_ERROR;
				CLANG_WARN_RANGE_LOOP_ANALYSIS = YES;
				CLANG_WARN_STRICT_PROTOTYPES = YES;
				CLANG_WARN_SUSPICIOUS_MOVE = YES;
				CLANG_WARN_UNGUARDED_AVAILABILITY = YES_AGGRESSIVE;
				CLANG_WARN_UNREACHABLE_CODE = YES;
				CLANG_WARN__DUPLICATE_METHOD_MATCH = YES;
				COPY_PHASE_STRIP = NO;
				DEBUG_INFORMATION_FORMAT = dwarf;
				ENABLE_STRICT_OBJC_MSGSEND = YES;
				ENABLE_TESTABILITY = YES;
				GCC_C_LANGUAGE_STANDARD = gnu11;
				GCC_DYNAMIC_NO_PIC = NO;
				GCC_NO_COMMON_BLOCKS = YES;
				GCC_OPTIMIZATION_LEVEL = 0;
				GCC_PREPROCESSOR_DEFINITIONS = (
					"DEBUG=1",
					"$(inherited)",
				);
				GCC_WARN_64_TO_32_BIT_CONVERSION = YES;
				GCC_WARN_ABOUT_RETURN_TYPE = YES_ERROR;
				GCC_WARN_UNDECLARED_SELECTOR = YES;
				GCC_WARN_UNINITIALIZED_AUTOS = YES_AGGRESSIVE;
				GCC_WARN_UNUSED_FUNCTION = YES;
				GCC_WARN_UNUSED_VARIABLE = YES;
				IPHONEOS_DEPLOYMENT_TARGET = 13.2;
				MTL_ENABLE_DEBUG_INFO = INCLUDE_SOURCE;
				MTL_FAST_MATH = YES;
				ONLY_ACTIVE_ARCH = YES;
				SDKROOT = iphoneos;
				SWIFT_ACTIVE_COMPILATION_CONDITIONS = DEBUG;
				SWIFT_OPTIMIZATION_LEVEL = "-Onone";
			};
			name = Debug;
		};
		7DB61DD2242D638D00F1D293 /* Release */ = {
			isa = XCBuildConfiguration;
			buildSettings = {
				ALWAYS_SEARCH_USER_PATHS = NO;
				CLANG_ANALYZER_NONNULL = YES;
				CLANG_ANALYZER_NUMBER_OBJECT_CONVERSION = YES_AGGRESSIVE;
				CLANG_CXX_LANGUAGE_STANDARD = "gnu++14";
				CLANG_CXX_LIBRARY = "libc++";
				CLANG_ENABLE_MODULES = YES;
				CLANG_ENABLE_OBJC_ARC = YES;
				CLANG_ENABLE_OBJC_WEAK = YES;
				CLANG_WARN_BLOCK_CAPTURE_AUTORELEASING = YES;
				CLANG_WARN_BOOL_CONVERSION = YES;
				CLANG_WARN_COMMA = YES;
				CLANG_WARN_CONSTANT_CONVERSION = YES;
				CLANG_WARN_DEPRECATED_OBJC_IMPLEMENTATIONS = YES;
				CLANG_WARN_DIRECT_OBJC_ISA_USAGE = YES_ERROR;
				CLANG_WARN_DOCUMENTATION_COMMENTS = YES;
				CLANG_WARN_EMPTY_BODY = YES;
				CLANG_WARN_ENUM_CONVERSION = YES;
				CLANG_WARN_INFINITE_RECURSION = YES;
				CLANG_WARN_INT_CONVERSION = YES;
				CLANG_WARN_NON_LITERAL_NULL_CONVERSION = YES;
				CLANG_WARN_OBJC_IMPLICIT_RETAIN_SELF = YES;
				CLANG_WARN_OBJC_LITERAL_CONVERSION = YES;
				CLANG_WARN_OBJC_ROOT_CLASS = YES_ERROR;
				CLANG_WARN_RANGE_LOOP_ANALYSIS = YES;
				CLANG_WARN_STRICT_PROTOTYPES = YES;
				CLANG_WARN_SUSPICIOUS_MOVE = YES;
				CLANG_WARN_UNGUARDED_AVAILABILITY = YES_AGGRESSIVE;
				CLANG_WARN_UNREACHABLE_CODE = YES;
				CLANG_WARN__DUPLICATE_METHOD_MATCH = YES;
				COPY_PHASE_STRIP = NO;
				DEBUG_INFORMATION_FORMAT = "dwarf-with-dsym";
				ENABLE_NS_ASSERTIONS = NO;
				ENABLE_STRICT_OBJC_MSGSEND = YES;
				GCC_C_LANGUAGE_STANDARD = gnu11;
				GCC_NO_COMMON_BLOCKS = YES;
				GCC_WARN_64_TO_32_BIT_CONVERSION = YES;
				GCC_WARN_ABOUT_RETURN_TYPE = YES_ERROR;
				GCC_WARN_UNDECLARED_SELECTOR = YES;
				GCC_WARN_UNINITIALIZED_AUTOS = YES_AGGRESSIVE;
				GCC_WARN_UNUSED_FUNCTION = YES;
				GCC_WARN_UNUSED_VARIABLE = YES;
				IPHONEOS_DEPLOYMENT_TARGET = 13.2;
				MTL_ENABLE_DEBUG_INFO = NO;
				MTL_FAST_MATH = YES;
				SDKROOT = iphoneos;
				SWIFT_COMPILATION_MODE = wholemodule;
				SWIFT_OPTIMIZATION_LEVEL = "-O";
				VALIDATE_PRODUCT = YES;
			};
			name = Release;
		};
		7DB61DD4242D638D00F1D293 /* Debug */ = {
			isa = XCBuildConfiguration;
			baseConfigurationReference = FF50E9DAF2100B2711C78F40 /* Pods-EmpleoUA.debug.xcconfig */;
			buildSettings = {
				ASSETCATALOG_COMPILER_APPICON_NAME = AppIcon;
				CODE_SIGN_STYLE = Automatic;
				DEVELOPMENT_TEAM = UFMUT72B35;
				INFOPLIST_FILE = EmpleoUA/Info.plist;
				LD_RUNPATH_SEARCH_PATHS = (
					"$(inherited)",
					"@executable_path/Frameworks",
				);
				PRODUCT_BUNDLE_IDENTIFIER = com.master.EmpleoUA;
				PRODUCT_NAME = "$(TARGET_NAME)";
				SWIFT_VERSION = 5.0;
				TARGETED_DEVICE_FAMILY = "1,2";
			};
			name = Debug;
		};
		7DB61DD5242D638D00F1D293 /* Release */ = {
			isa = XCBuildConfiguration;
			baseConfigurationReference = 79CED33930F523271BB108E4 /* Pods-EmpleoUA.release.xcconfig */;
			buildSettings = {
				ASSETCATALOG_COMPILER_APPICON_NAME = AppIcon;
				CODE_SIGN_STYLE = Automatic;
				DEVELOPMENT_TEAM = UFMUT72B35;
				INFOPLIST_FILE = EmpleoUA/Info.plist;
				LD_RUNPATH_SEARCH_PATHS = (
					"$(inherited)",
					"@executable_path/Frameworks",
				);
				PRODUCT_BUNDLE_IDENTIFIER = com.master.EmpleoUA;
				PRODUCT_NAME = "$(TARGET_NAME)";
				SWIFT_VERSION = 5.0;
				TARGETED_DEVICE_FAMILY = "1,2";
			};
			name = Release;
		};
/* End XCBuildConfiguration section */

/* Begin XCConfigurationList section */
		7DB61DB7242D638A00F1D293 /* Build configuration list for PBXProject "EmpleoUA" */ = {
			isa = XCConfigurationList;
			buildConfigurations = (
				7DB61DD1242D638D00F1D293 /* Debug */,
				7DB61DD2242D638D00F1D293 /* Release */,
			);
			defaultConfigurationIsVisible = 0;
			defaultConfigurationName = Release;
		};
		7DB61DD3242D638D00F1D293 /* Build configuration list for PBXNativeTarget "EmpleoUA" */ = {
			isa = XCConfigurationList;
			buildConfigurations = (
				7DB61DD4242D638D00F1D293 /* Debug */,
				7DB61DD5242D638D00F1D293 /* Release */,
			);
			defaultConfigurationIsVisible = 0;
			defaultConfigurationName = Release;
		};
/* End XCConfigurationList section */

/* Begin XCVersionGroup section */
		7DB61DC8242D638A00F1D293 /* EmpleoUA.xcdatamodeld */ = {
			isa = XCVersionGroup;
			children = (
				7DB61DC9242D638A00F1D293 /* EmpleoUA.xcdatamodel */,
			);
			currentVersion = 7DB61DC9242D638A00F1D293 /* EmpleoUA.xcdatamodel */;
			path = EmpleoUA.xcdatamodeld;
			sourceTree = "<group>";
			versionGroupType = wrapper.xcdatamodel;
		};
/* End XCVersionGroup section */
	};
	rootObject = 7DB61DB4242D638A00F1D293 /* Project object */;
}
